{
  "nodes": {
    "home-manager": {
      "inputs": {
        "nixpkgs": [
          "nixpkgs"
        ]
      },
      "locked": {
        "lastModified": 1628808310,
        "narHash": "sha256-Lo9xNydLgc0r6aJfsK5SdsJOUCpzvx0w4xXsF44kRkQ=",
        "owner": "rycee",
        "repo": "home-manager",
        "rev": "a3d691c05308b43afe264a2165f60948cfd2963e",
        "type": "github"
      },
      "original": {
        "owner": "rycee",
        "ref": "master",
        "repo": "home-manager",
        "type": "github"
      }
    },
    "nixpkgs": {
      "locked": {
        "lastModified": 1628693817,
        "narHash": "sha256-WtlM8ptjcUUWRvbpkToKJHzLlGCEXZKGh+SfwUYHobA=",
        "owner": "NixOS",
        "repo": "nixpkgs",
        "rev": "9df2cb074d72ea80ac9fd225b29060c8cf13dd39",
        "type": "github"
      },
      "original": {
        "owner": "NixOS",
        "ref": "nixos-unstable",
        "repo": "nixpkgs",
        "type": "github"
      }
    },
    "root": {
      "inputs": {
        "home-manager": "home-manager",
        "nixpkgs": "nixpkgs"
      }
    }
  },
  "root": "root",
  "version": 7
}
