{
  "nodes": {
    "home-manager": {
      "inputs": {
        "nixpkgs": [
          "nixpkgs"
        ]
      },
      "locked": {
        "lastModified": 1622938142,
        "narHash": "sha256-eNA2HPZI/iO4MCi/FCs+nRuFbpuMplM93Aj6YA2XCyY=",
        "owner": "rycee",
        "repo": "home-manager",
        "rev": "7591c8041d290d4bb99679e9fed2d8061a8f0435",
        "type": "github"
      },
      "original": {
        "owner": "rycee",
        "ref": "master",
        "repo": "home-manager",
        "type": "github"
      }
    },
    "nixpkgs": {
      "locked": {
        "lastModified": 1623006675,
        "narHash": "sha256-+JPi0abpEwSal9nXM34KbzIng44T3vrUGPOWGC8mgxk=",
        "owner": "NixOS",
        "repo": "nixpkgs",
        "rev": "dc8af36c452166046df5a30b668e79fbbee734c5",
        "type": "github"
      },
      "original": {
        "id": "nixpkgs",
        "type": "indirect"
      }
    },
    "root": {
      "inputs": {
        "home-manager": "home-manager",
        "nixpkgs": "nixpkgs"
      }
    }
  },
  "root": "root",
  "version": 7
}
